
Microsoft Visual Studio Solution File, Format Version 12.00
# Visual Studio Version 16
VisualStudioVersion = 16.0.30717.126
MinimumVisualStudioVersion = 10.0.40219.1
Project("{FAE04EC0-301F-11D3-BF4B-00C04F79EFBC}") = "ProductManagement", "ProductManagement.csproj", "{A896D30E-D374-4CE0-B3B1-2FB52F547A5D}"
EndProject
Project("{FAE04EC0-301F-11D3-BF4B-00C04F79EFBC}") = "ProductManagement.Tests", "..\ProductManagement.Tests\ProductManagement.Tests.csproj", "{7793F16E-0396-431E-9A33-AD090FE7EAA3}"
EndProject
Global
	GlobalSection(SolutionConfigurationPlatforms) = preSolution
		Debug|Any CPU = Debug|Any CPU
		Release|Any CPU = Release|Any CPU
	EndGlobalSection
	GlobalSection(ProjectConfigurationPlatforms) = postSolution
		{A896D30E-D374-4CE0-B3B1-2FB52F547A5D}.Debug|Any CPU.ActiveCfg = Debug|Any CPU
		{A896D30E-D374-4CE0-B3B1-2FB52F547A5D}.Debug|Any CPU.Build.0 = Debug|Any CPU
		{A896D30E-D374-4CE0-B3B1-2FB52F547A5D}.Release|Any CPU.ActiveCfg = Release|Any CPU
		{A896D30E-D374-4CE0-B3B1-2FB52F547A5D}.Release|Any CPU.Build.0 = Release|Any CPU
		{7793F16E-0396-431E-9A33-AD090FE7EAA3}.Debug|Any CPU.ActiveCfg = Debug|Any CPU
		{7793F16E-0396-431E-9A33-AD090FE7EAA3}.Debug|Any CPU.Build.0 = Debug|Any CPU
		{7793F16E-0396-431E-9A33-AD090FE7EAA3}.Release|Any CPU.ActiveCfg = Release|Any CPU
		{7793F16E-0396-431E-9A33-AD090FE7EAA3}.Release|Any CPU.Build.0 = Release|Any CPU
	EndGlobalSection
	GlobalSection(SolutionProperties) = preSolution
		HideSolutionNode = FALSE
	EndGlobalSection
	GlobalSection(ExtensibilityGlobals) = postSolution
		SolutionGuid = {795D0358-CC0E-4854-8E2B-CE16F8C1BCBA}
	EndGlobalSection
EndGlobal
